// !$*UTF8*$!
{
	archiveVersion = 1;
	classes = {
	};
	objectVersion = 48;
	objects = {

/* Begin PBXBuildFile section */
		EC29646A204F25CD0003A75C /* AppDelegate.swift in Sources */ = {isa = PBXBuildFile; fileRef = EC296469204F25CD0003A75C /* AppDelegate.swift */; };
		EC29646C204F25CD0003A75C /* ViewController.swift in Sources */ = {isa = PBXBuildFile; fileRef = EC29646B204F25CD0003A75C /* ViewController.swift */; };
		EC29646F204F25CD0003A75C /* Main.storyboard in Resources */ = {isa = PBXBuildFile; fileRef = EC29646D204F25CD0003A75C /* Main.storyboard */; };
		EC296471204F25CD0003A75C /* Assets.xcassets in Resources */ = {isa = PBXBuildFile; fileRef = EC296470204F25CD0003A75C /* Assets.xcassets */; };
		EC296474204F25CD0003A75C /* LaunchScreen.storyboard in Resources */ = {isa = PBXBuildFile; fileRef = EC296472204F25CD0003A75C /* LaunchScreen.storyboard */; };
		EC29647F204F25CD0003A75C /* EarlGreyBrownBagExampleTests.swift in Sources */ = {isa = PBXBuildFile; fileRef = EC29647E204F25CD0003A75C /* EarlGreyBrownBagExampleTests.swift */; };
		EC29648A204F25CD0003A75C /* EarlGreyBrownBagExampleUITests.swift in Sources */ = {isa = PBXBuildFile; fileRef = EC296489204F25CD0003A75C /* EarlGreyBrownBagExampleUITests.swift */; };
/* End PBXBuildFile section */

/* Begin PBXContainerItemProxy section */
		EC29647B204F25CD0003A75C /* PBXContainerItemProxy */ = {
			isa = PBXContainerItemProxy;
			containerPortal = EC29645E204F25CD0003A75C /* Project object */;
			proxyType = 1;
			remoteGlobalIDString = EC296465204F25CD0003A75C;
			remoteInfo = EarlGreyBrownBagExample;
		};
		EC296486204F25CD0003A75C /* PBXContainerItemProxy */ = {
			isa = PBXContainerItemProxy;
			containerPortal = EC29645E204F25CD0003A75C /* Project object */;
			proxyType = 1;
			remoteGlobalIDString = EC296465204F25CD0003A75C;
			remoteInfo = EarlGreyBrownBagExample;
		};
/* End PBXContainerItemProxy section */

/* Begin PBXFileReference section */
		EC296466204F25CD0003A75C /* EarlGreyBrownBagExample.app */ = {isa = PBXFileReference; explicitFileType = wrapper.application; includeInIndex = 0; path = EarlGreyBrownBagExample.app; sourceTree = BUILT_PRODUCTS_DIR; };
		EC296469204F25CD0003A75C /* AppDelegate.swift */ = {isa = PBXFileReference; lastKnownFileType = sourcecode.swift; path = AppDelegate.swift; sourceTree = "<group>"; };
		EC29646B204F25CD0003A75C /* ViewController.swift */ = {isa = PBXFileReference; lastKnownFileType = sourcecode.swift; path = ViewController.swift; sourceTree = "<group>"; };
		EC29646E204F25CD0003A75C /* Base */ = {isa = PBXFileReference; lastKnownFileType = file.storyboard; name = Base; path = Base.lproj/Main.storyboard; sourceTree = "<group>"; };
		EC296470204F25CD0003A75C /* Assets.xcassets */ = {isa = PBXFileReference; lastKnownFileType = folder.assetcatalog; path = Assets.xcassets; sourceTree = "<group>"; };
		EC296473204F25CD0003A75C /* Base */ = {isa = PBXFileReference; lastKnownFileType = file.storyboard; name = Base; path = Base.lproj/LaunchScreen.storyboard; sourceTree = "<group>"; };
		EC296475204F25CD0003A75C /* Info.plist */ = {isa = PBXFileReference; lastKnownFileType = text.plist.xml; path = Info.plist; sourceTree = "<group>"; };
		EC29647A204F25CD0003A75C /* EarlGreyBrownBagExampleTests.xctest */ = {isa = PBXFileReference; explicitFileType = wrapper.cfbundle; includeInIndex = 0; path = EarlGreyBrownBagExampleTests.xctest; sourceTree = BUILT_PRODUCTS_DIR; };
		EC29647E204F25CD0003A75C /* EarlGreyBrownBagExampleTests.swift */ = {isa = PBXFileReference; lastKnownFileType = sourcecode.swift; path = EarlGreyBrownBagExampleTests.swift; sourceTree = "<group>"; };
		EC296480204F25CD0003A75C /* Info.plist */ = {isa = PBXFileReference; lastKnownFileType = text.plist.xml; path = Info.plist; sourceTree = "<group>"; };
		EC296485204F25CD0003A75C /* EarlGreyBrownBagExampleUITests.xctest */ = {isa = PBXFileReference; explicitFileType = wrapper.cfbundle; includeInIndex = 0; path = EarlGreyBrownBagExampleUITests.xctest; sourceTree = BUILT_PRODUCTS_DIR; };
		EC296489204F25CD0003A75C /* EarlGreyBrownBagExampleUITests.swift */ = {isa = PBXFileReference; lastKnownFileType = sourcecode.swift; path = EarlGreyBrownBagExampleUITests.swift; sourceTree = "<group>"; };
		EC29648B204F25CD0003A75C /* Info.plist */ = {isa = PBXFileReference; lastKnownFileType = text.plist.xml; path = Info.plist; sourceTree = "<group>"; };
/* End PBXFileReference section */

/* Begin PBXFrameworksBuildPhase section */
		EC296463204F25CD0003A75C /* Frameworks */ = {
			isa = PBXFrameworksBuildPhase;
			buildActionMask = 2147483647;
			files = (
			);
			runOnlyForDeploymentPostprocessing = 0;
		};
		EC296477204F25CD0003A75C /* Frameworks */ = {
			isa = PBXFrameworksBuildPhase;
			buildActionMask = 2147483647;
			files = (
			);
			runOnlyForDeploymentPostprocessing = 0;
		};
		EC296482204F25CD0003A75C /* Frameworks */ = {
			isa = PBXFrameworksBuildPhase;
			buildActionMask = 2147483647;
			files = (
			);
			runOnlyForDeploymentPostprocessing = 0;
		};
/* End PBXFrameworksBuildPhase section */

/* Begin PBXGroup section */
		EC29645D204F25CD0003A75C = {
			isa = PBXGroup;
			children = (
				EC296468204F25CD0003A75C /* EarlGreyBrownBagExample */,
				EC29647D204F25CD0003A75C /* EarlGreyBrownBagExampleTests */,
				EC296488204F25CD0003A75C /* EarlGreyBrownBagExampleUITests */,
				EC296467204F25CD0003A75C /* Products */,
			);
			sourceTree = "<group>";
		};
		EC296467204F25CD0003A75C /* Products */ = {
			isa = PBXGroup;
			children = (
				EC296466204F25CD0003A75C /* EarlGreyBrownBagExample.app */,
				EC29647A204F25CD0003A75C /* EarlGreyBrownBagExampleTests.xctest */,
				EC296485204F25CD0003A75C /* EarlGreyBrownBagExampleUITests.xctest */,
			);
			name = Products;
			sourceTree = "<group>";
		};
		EC296468204F25CD0003A75C /* EarlGreyBrownBagExample */ = {
			isa = PBXGroup;
			children = (
				EC296469204F25CD0003A75C /* AppDelegate.swift */,
				EC29646B204F25CD0003A75C /* ViewController.swift */,
				EC29646D204F25CD0003A75C /* Main.storyboard */,
				EC296470204F25CD0003A75C /* Assets.xcassets */,
				EC296472204F25CD0003A75C /* LaunchScreen.storyboard */,
				EC296475204F25CD0003A75C /* Info.plist */,
			);
			path = EarlGreyBrownBagExample;
			sourceTree = "<group>";
		};
		EC29647D204F25CD0003A75C /* EarlGreyBrownBagExampleTests */ = {
			isa = PBXGroup;
			children = (
				EC29647E204F25CD0003A75C /* EarlGreyBrownBagExampleTests.swift */,
				EC296480204F25CD0003A75C /* Info.plist */,
			);
			path = EarlGreyBrownBagExampleTests;
			sourceTree = "<group>";
		};
		EC296488204F25CD0003A75C /* EarlGreyBrownBagExampleUITests */ = {
			isa = PBXGroup;
			children = (
				EC296489204F25CD0003A75C /* EarlGreyBrownBagExampleUITests.swift */,
				EC29648B204F25CD0003A75C /* Info.plist */,
			);
			path = EarlGreyBrownBagExampleUITests;
			sourceTree = "<group>";
		};
/* End PBXGroup section */

/* Begin PBXNativeTarget section */
		EC296465204F25CD0003A75C /* EarlGreyBrownBagExample */ = {
			isa = PBXNativeTarget;
			buildConfigurationList = EC29648E204F25CD0003A75C /* Build configuration list for PBXNativeTarget "EarlGreyBrownBagExample" */;
			buildPhases = (
				EC296462204F25CD0003A75C /* Sources */,
				EC296463204F25CD0003A75C /* Frameworks */,
				EC296464204F25CD0003A75C /* Resources */,
			);
			buildRules = (
			);
			dependencies = (
			);
			name = EarlGreyBrownBagExample;
			productName = EarlGreyBrownBagExample;
			productReference = EC296466204F25CD0003A75C /* EarlGreyBrownBagExample.app */;
			productType = "com.apple.product-type.application";
		};
		EC296479204F25CD0003A75C /* EarlGreyBrownBagExampleTests */ = {
			isa = PBXNativeTarget;
			buildConfigurationList = EC296491204F25CD0003A75C /* Build configuration list for PBXNativeTarget "EarlGreyBrownBagExampleTests" */;
			buildPhases = (
				EC296476204F25CD0003A75C /* Sources */,
				EC296477204F25CD0003A75C /* Frameworks */,
				EC296478204F25CD0003A75C /* Resources */,
			);
			buildRules = (
			);
			dependencies = (
				EC29647C204F25CD0003A75C /* PBXTargetDependency */,
			);
			name = EarlGreyBrownBagExampleTests;
			productName = EarlGreyBrownBagExampleTests;
			productReference = EC29647A204F25CD0003A75C /* EarlGreyBrownBagExampleTests.xctest */;
			productType = "com.apple.product-type.bundle.unit-test";
		};
		EC296484204F25CD0003A75C /* EarlGreyBrownBagExampleUITests */ = {
			isa = PBXNativeTarget;
			buildConfigurationList = EC296494204F25CD0003A75C /* Build configuration list for PBXNativeTarget "EarlGreyBrownBagExampleUITests" */;
			buildPhases = (
				EC296481204F25CD0003A75C /* Sources */,
				EC296482204F25CD0003A75C /* Frameworks */,
				EC296483204F25CD0003A75C /* Resources */,
			);
			buildRules = (
			);
			dependencies = (
				EC296487204F25CD0003A75C /* PBXTargetDependency */,
			);
			name = EarlGreyBrownBagExampleUITests;
			productName = EarlGreyBrownBagExampleUITests;
			productReference = EC296485204F25CD0003A75C /* EarlGreyBrownBagExampleUITests.xctest */;
			productType = "com.apple.product-type.bundle.ui-testing";
		};
/* End PBXNativeTarget section */

/* Begin PBXProject section */
		EC29645E204F25CD0003A75C /* Project object */ = {
			isa = PBXProject;
			attributes = {
				LastSwiftUpdateCheck = 0920;
				LastUpgradeCheck = 0920;
				ORGANIZATIONNAME = "Bart Chrzaszcz";
				TargetAttributes = {
					EC296465204F25CD0003A75C = {
						CreatedOnToolsVersion = 9.2;
						ProvisioningStyle = Automatic;
					};
					EC296479204F25CD0003A75C = {
						CreatedOnToolsVersion = 9.2;
						ProvisioningStyle = Automatic;
						TestTargetID = EC296465204F25CD0003A75C;
					};
					EC296484204F25CD0003A75C = {
						CreatedOnToolsVersion = 9.2;
						ProvisioningStyle = Automatic;
						TestTargetID = EC296465204F25CD0003A75C;
					};
				};
			};
			buildConfigurationList = EC296461204F25CD0003A75C /* Build configuration list for PBXProject "EarlGreyBrownBagExample" */;
			compatibilityVersion = "Xcode 8.0";
			developmentRegion = en;
			hasScannedForEncodings = 0;
			knownRegions = (
				en,
				Base,
			);
			mainGroup = EC29645D204F25CD0003A75C;
			productRefGroup = EC296467204F25CD0003A75C /* Products */;
			projectDirPath = "";
			projectRoot = "";
			targets = (
				EC296465204F25CD0003A75C /* EarlGreyBrownBagExample */,
				EC296479204F25CD0003A75C /* EarlGreyBrownBagExampleTests */,
				EC296484204F25CD0003A75C /* EarlGreyBrownBagExampleUITests */,
			);
		};
/* End PBXProject section */

/* Begin PBXResourcesBuildPhase section */
		EC296464204F25CD0003A75C /* Resources */ = {
			isa = PBXResourcesBuildPhase;
			buildActionMask = 2147483647;
			files = (
				EC296474204F25CD0003A75C /* LaunchScreen.storyboard in Resources */,
				EC296471204F25CD0003A75C /* Assets.xcassets in Resources */,
				EC29646F204F25CD0003A75C /* Main.storyboard in Resources */,
			);
			runOnlyForDeploymentPostprocessing = 0;
		};
		EC296478204F25CD0003A75C /* Resources */ = {
			isa = PBXResourcesBuildPhase;
			buildActionMask = 2147483647;
			files = (
			);
			runOnlyForDeploymentPostprocessing = 0;
		};
		EC296483204F25CD0003A75C /* Resources */ = {
			isa = PBXResourcesBuildPhase;
			buildActionMask = 2147483647;
			files = (
			);
			runOnlyForDeploymentPostprocessing = 0;
		};
/* End PBXResourcesBuildPhase section */

/* Begin PBXSourcesBuildPhase section */
		EC296462204F25CD0003A75C /* Sources */ = {
			isa = PBXSourcesBuildPhase;
			buildActionMask = 2147483647;
			files = (
				EC29646C204F25CD0003A75C /* ViewController.swift in Sources */,
				EC29646A204F25CD0003A75C /* AppDelegate.swift in Sources */,
			);
			runOnlyForDeploymentPostprocessing = 0;
		};
		EC296476204F25CD0003A75C /* Sources */ = {
			isa = PBXSourcesBuildPhase;
			buildActionMask = 2147483647;
			files = (
				EC29647F204F25CD0003A75C /* EarlGreyBrownBagExampleTests.swift in Sources */,
			);
			runOnlyForDeploymentPostprocessing = 0;
		};
		EC296481204F25CD0003A75C /* Sources */ = {
			isa = PBXSourcesBuildPhase;
			buildActionMask = 2147483647;
			files = (
				EC29648A204F25CD0003A75C /* EarlGreyBrownBagExampleUITests.swift in Sources */,
			);
			runOnlyForDeploymentPostprocessing = 0;
		};
/* End PBXSourcesBuildPhase section */

/* Begin PBXTargetDependency section */
		EC29647C204F25CD0003A75C /* PBXTargetDependency */ = {
			isa = PBXTargetDependency;
			target = EC296465204F25CD0003A75C /* EarlGreyBrownBagExample */;
			targetProxy = EC29647B204F25CD0003A75C /* PBXContainerItemProxy */;
		};
		EC296487204F25CD0003A75C /* PBXTargetDependency */ = {
			isa = PBXTargetDependency;
			target = EC296465204F25CD0003A75C /* EarlGreyBrownBagExample */;
			targetProxy = EC296486204F25CD0003A75C /* PBXContainerItemProxy */;
		};
/* End PBXTargetDependency section */

/* Begin PBXVariantGroup section */
		EC29646D204F25CD0003A75C /* Main.storyboard */ = {
			isa = PBXVariantGroup;
			children = (
				EC29646E204F25CD0003A75C /* Base */,
			);
			name = Main.storyboard;
			sourceTree = "<group>";
		};
		EC296472204F25CD0003A75C /* LaunchScreen.storyboard */ = {
			isa = PBXVariantGroup;
			children = (
				EC296473204F25CD0003A75C /* Base */,
			);
			name = LaunchScreen.storyboard;
			sourceTree = "<group>";
		};
/* End PBXVariantGroup section */

/* Begin XCBuildConfiguration section */
		EC29648C204F25CD0003A75C /* Debug */ = {
			isa = XCBuildConfiguration;
			buildSettings = {
				ALWAYS_SEARCH_USER_PATHS = NO;
				CLANG_ANALYZER_NONNULL = YES;
				CLANG_ANALYZER_NUMBER_OBJECT_CONVERSION = YES_AGGRESSIVE;
				CLANG_CXX_LANGUAGE_STANDARD = "gnu++14";
				CLANG_CXX_LIBRARY = "libc++";
				CLANG_ENABLE_MODULES = YES;
				CLANG_ENABLE_OBJC_ARC = YES;
				CLANG_WARN_BLOCK_CAPTURE_AUTORELEASING = YES;
				CLANG_WARN_BOOL_CONVERSION = YES;
				CLANG_WARN_COMMA = YES;
				CLANG_WARN_CONSTANT_CONVERSION = YES;
				CLANG_WARN_DIRECT_OBJC_ISA_USAGE = YES_ERROR;
				CLANG_WARN_DOCUMENTATION_COMMENTS = YES;
				CLANG_WARN_EMPTY_BODY = YES;
				CLANG_WARN_ENUM_CONVERSION = YES;
				CLANG_WARN_INFINITE_RECURSION = YES;
				CLANG_WARN_INT_CONVERSION = YES;
				CLANG_WARN_NON_LITERAL_NULL_CONVERSION = YES;
				CLANG_WARN_OBJC_LITERAL_CONVERSION = YES;
				CLANG_WARN_OBJC_ROOT_CLASS = YES_ERROR;
				CLANG_WARN_RANGE_LOOP_ANALYSIS = YES;
				CLANG_WARN_STRICT_PROTOTYPES = YES;
				CLANG_WARN_SUSPICIOUS_MOVE = YES;
				CLANG_WARN_UNGUARDED_AVAILABILITY = YES_AGGRESSIVE;
				CLANG_WARN_UNREACHABLE_CODE = YES;
				CLANG_WARN__DUPLICATE_METHOD_MATCH = YES;
				CODE_SIGN_IDENTITY = "iPhone Developer";
				COPY_PHASE_STRIP = NO;
				DEBUG_INFORMATION_FORMAT = dwarf;
				ENABLE_STRICT_OBJC_MSGSEND = YES;
				ENABLE_TESTABILITY = YES;
				GCC_C_LANGUAGE_STANDARD = gnu11;
				GCC_DYNAMIC_NO_PIC = NO;
				GCC_NO_COMMON_BLOCKS = YES;
				GCC_OPTIMIZATION_LEVEL = 0;
				GCC_PREPROCESSOR_DEFINITIONS = (
					"DEBUG=1",
					"$(inherited)",
				);
				GCC_WARN_64_TO_32_BIT_CONVERSION = YES;
				GCC_WARN_ABOUT_RETURN_TYPE = YES_ERROR;
				GCC_WARN_UNDECLARED_SELECTOR = YES;
				GCC_WARN_UNINITIALIZED_AUTOS = YES_AGGRESSIVE;
				GCC_WARN_UNUSED_FUNCTION = YES;
				GCC_WARN_UNUSED_VARIABLE = YES;
				IPHONEOS_DEPLOYMENT_TARGET = 11.2;
				MTL_ENABLE_DEBUG_INFO = YES;
				ONLY_ACTIVE_ARCH = YES;
				SDKROOT = iphoneos;
				SWIFT_ACTIVE_COMPILATION_CONDITIONS = DEBUG;
				SWIFT_OPTIMIZATION_LEVEL = "-Onone";
			};
			name = Debug;
		};
		EC29648D204F25CD0003A75C /* Release */ = {
			isa = XCBuildConfiguration;
			buildSettings = {
				ALWAYS_SEARCH_USER_PATHS = NO;
				CLANG_ANALYZER_NONNULL = YES;
				CLANG_ANALYZER_NUMBER_OBJECT_CONVERSION = YES_AGGRESSIVE;
				CLANG_CXX_LANGUAGE_STANDARD = "gnu++14";
				CLANG_CXX_LIBRARY = "libc++";
				CLANG_ENABLE_MODULES = YES;
				CLANG_ENABLE_OBJC_ARC = YES;
				CLANG_WARN_BLOCK_CAPTURE_AUTORELEASING = YES;
				CLANG_WARN_BOOL_CONVERSION = YES;
				CLANG_WARN_COMMA = YES;
				CLANG_WARN_CONSTANT_CONVERSION = YES;
				CLANG_WARN_DIRECT_OBJC_ISA_USAGE = YES_ERROR;
				CLANG_WARN_DOCUMENTATION_COMMENTS = YES;
				CLANG_WARN_EMPTY_BODY = YES;
				CLANG_WARN_ENUM_CONVERSION = YES;
				CLANG_WARN_INFINITE_RECURSION = YES;
				CLANG_WARN_INT_CONVERSION = YES;
				CLANG_WARN_NON_LITERAL_NULL_CONVERSION = YES;
				CLANG_WARN_OBJC_LITERAL_CONVERSION = YES;
				CLANG_WARN_OBJC_ROOT_CLASS = YES_ERROR;
				CLANG_WARN_RANGE_LOOP_ANALYSIS = YES;
				CLANG_WARN_STRICT_PROTOTYPES = YES;
				CLANG_WARN_SUSPICIOUS_MOVE = YES;
				CLANG_WARN_UNGUARDED_AVAILABILITY = YES_AGGRESSIVE;
				CLANG_WARN_UNREACHABLE_CODE = YES;
				CLANG_WARN__DUPLICATE_METHOD_MATCH = YES;
				CODE_SIGN_IDENTITY = "iPhone Developer";
				COPY_PHASE_STRIP = NO;
				DEBUG_INFORMATION_FORMAT = "dwarf-with-dsym";
				ENABLE_NS_ASSERTIONS = NO;
				ENABLE_STRICT_OBJC_MSGSEND = YES;
				GCC_C_LANGUAGE_STANDARD = gnu11;
				GCC_NO_COMMON_BLOCKS = YES;
				GCC_WARN_64_TO_32_BIT_CONVERSION = YES;
				GCC_WARN_ABOUT_RETURN_TYPE = YES_ERROR;
				GCC_WARN_UNDECLARED_SELECTOR = YES;
				GCC_WARN_UNINITIALIZED_AUTOS = YES_AGGRESSIVE;
				GCC_WARN_UNUSED_FUNCTION = YES;
				GCC_WARN_UNUSED_VARIABLE = YES;
				IPHONEOS_DEPLOYMENT_TARGET = 11.2;
				MTL_ENABLE_DEBUG_INFO = NO;
				SDKROOT = iphoneos;
				SWIFT_OPTIMIZATION_LEVEL = "-Owholemodule";
				VALIDATE_PRODUCT = YES;
			};
			name = Release;
		};
		EC29648F204F25CD0003A75C /* Debug */ = {
			isa = XCBuildConfiguration;
			buildSettings = {
				ASSETCATALOG_COMPILER_APPICON_NAME = AppIcon;
				CODE_SIGN_STYLE = Automatic;
				DEVELOPMENT_TEAM = CE3VTACW36;
				INFOPLIST_FILE = EarlGreyBrownBagExample/Info.plist;
				LD_RUNPATH_SEARCH_PATHS = "$(inherited) @executable_path/Frameworks";
				PRODUCT_BUNDLE_IDENTIFIER = bart.EarlGreyBrownBagExample;
				PRODUCT_NAME = "$(TARGET_NAME)";
				SWIFT_VERSION = 4.0;
				TARGETED_DEVICE_FAMILY = "1,2";
			};
			name = Debug;
		};
		EC296490204F25CD0003A75C /* Release */ = {
			isa = XCBuildConfiguration;
			buildSettings = {
				ASSETCATALOG_COMPILER_APPICON_NAME = AppIcon;
				CODE_SIGN_STYLE = Automatic;
				DEVELOPMENT_TEAM = CE3VTACW36;
				INFOPLIST_FILE = EarlGreyBrownBagExample/Info.plist;
				LD_RUNPATH_SEARCH_PATHS = "$(inherited) @executable_path/Frameworks";
				PRODUCT_BUNDLE_IDENTIFIER = bart.EarlGreyBrownBagExample;
				PRODUCT_NAME = "$(TARGET_NAME)";
				SWIFT_VERSION = 4.0;
				TARGETED_DEVICE_FAMILY = "1,2";
			};
			name = Release;
		};
		EC296492204F25CD0003A75C /* Debug */ = {
			isa = XCBuildConfiguration;
			buildSettings = {
				ALWAYS_EMBED_SWIFT_STANDARD_LIBRARIES = YES;
				BUNDLE_LOADER = "$(TEST_HOST)";
				CODE_SIGN_STYLE = Automatic;
				DEVELOPMENT_TEAM = CE3VTACW36;
				INFOPLIST_FILE = EarlGreyBrownBagExampleTests/Info.plist;
				LD_RUNPATH_SEARCH_PATHS = "$(inherited) @executable_path/Frameworks @loader_path/Frameworks";
				PRODUCT_BUNDLE_IDENTIFIER = bart.EarlGreyBrownBagExampleTests;
				PRODUCT_NAME = "$(TARGET_NAME)";
				SWIFT_VERSION = 4.0;
				TARGETED_DEVICE_FAMILY = "1,2";
				TEST_HOST = "$(BUILT_PRODUCTS_DIR)/EarlGreyBrownBagExample.app/EarlGreyBrownBagExample";
			};
			name = Debug;
		};
		EC296493204F25CD0003A75C /* Release */ = {
			isa = XCBuildConfiguration;
			buildSettings = {
				ALWAYS_EMBED_SWIFT_STANDARD_LIBRARIES = YES;
				BUNDLE_LOADER = "$(TEST_HOST)";
				CODE_SIGN_STYLE = Automatic;
				DEVELOPMENT_TEAM = CE3VTACW36;
				INFOPLIST_FILE = EarlGreyBrownBagExampleTests/Info.plist;
				LD_RUNPATH_SEARCH_PATHS = "$(inherited) @executable_path/Frameworks @loader_path/Frameworks";
				PRODUCT_BUNDLE_IDENTIFIER = bart.EarlGreyBrownBagExampleTests;
				PRODUCT_NAME = "$(TARGET_NAME)";
				SWIFT_VERSION = 4.0;
				TARGETED_DEVICE_FAMILY = "1,2";
				TEST_HOST = "$(BUILT_PRODUCTS_DIR)/EarlGreyBrownBagExample.app/EarlGreyBrownBagExample";
			};
			name = Release;
		};
		EC296495204F25CD0003A75C /* Debug */ = {
			isa = XCBuildConfiguration;
			buildSettings = {
				ALWAYS_EMBED_SWIFT_STANDARD_LIBRARIES = YES;
				CODE_SIGN_STYLE = Automatic;
				DEVELOPMENT_TEAM = CE3VTACW36;
				INFOPLIST_FILE = EarlGreyBrownBagExampleUITests/Info.plist;
				LD_RUNPATH_SEARCH_PATHS = "$(inherited) @executable_path/Frameworks @loader_path/Frameworks";
				PRODUCT_BUNDLE_IDENTIFIER = bart.EarlGreyBrownBagExampleUITests;
				PRODUCT_NAME = "$(TARGET_NAME)";
				SWIFT_VERSION = 4.0;
				TARGETED_DEVICE_FAMILY = "1,2";
				TEST_TARGET_NAME = EarlGreyBrownBagExample;
			};
			name = Debug;
		};
		EC296496204F25CD0003A75C /* Release */ = {
			isa = XCBuildConfiguration;
			buildSettings = {
				ALWAYS_EMBED_SWIFT_STANDARD_LIBRARIES = YES;
				CODE_SIGN_STYLE = Automatic;
				DEVELOPMENT_TEAM = CE3VTACW36;
				INFOPLIST_FILE = EarlGreyBrownBagExampleUITests/Info.plist;
				LD_RUNPATH_SEARCH_PATHS = "$(inherited) @executable_path/Frameworks @loader_path/Frameworks";
				PRODUCT_BUNDLE_IDENTIFIER = bart.EarlGreyBrownBagExampleUITests;
				PRODUCT_NAME = "$(TARGET_NAME)";
				SWIFT_VERSION = 4.0;
				TARGETED_DEVICE_FAMILY = "1,2";
				TEST_TARGET_NAME = EarlGreyBrownBagExample;
			};
			name = Release;
		};
/* End XCBuildConfiguration section */

/* Begin XCConfigurationList section */
		EC296461204F25CD0003A75C /* Build configuration list for PBXProject "EarlGreyBrownBagExample" */ = {
			isa = XCConfigurationList;
			buildConfigurations = (
				EC29648C204F25CD0003A75C /* Debug */,
				EC29648D204F25CD0003A75C /* Release */,
			);
			defaultConfigurationIsVisible = 0;
			defaultConfigurationName = Release;
		};
		EC29648E204F25CD0003A75C /* Build configuration list for PBXNativeTarget "EarlGreyBrownBagExample" */ = {
			isa = XCConfigurationList;
			buildConfigurations = (
				EC29648F204F25CD0003A75C /* Debug */,
				EC296490204F25CD0003A75C /* Release */,
			);
			defaultConfigurationIsVisible = 0;
			defaultConfigurationName = Release;
		};
		EC296491204F25CD0003A75C /* Build configuration list for PBXNativeTarget "EarlGreyBrownBagExampleTests" */ = {
			isa = XCConfigurationList;
			buildConfigurations = (
				EC296492204F25CD0003A75C /* Debug */,
				EC296493204F25CD0003A75C /* Release */,
			);
			defaultConfigurationIsVisible = 0;
			defaultConfigurationName = Release;
		};
		EC296494204F25CD0003A75C /* Build configuration list for PBXNativeTarget "EarlGreyBrownBagExampleUITests" */ = {
			isa = XCConfigurationList;
			buildConfigurations = (
				EC296495204F25CD0003A75C /* Debug */,
				EC296496204F25CD0003A75C /* Release */,
			);
			defaultConfigurationIsVisible = 0;
			defaultConfigurationName = Release;
		};
/* End XCConfigurationList section */
	};
	rootObject = EC29645E204F25CD0003A75C /* Project object */;
}
